// !$*UTF8*$!
{
	archiveVersion = 1;
	classes = {
	};
	objectVersion = 56;
	objects = {

/* Begin PBXBuildFile section */
		3A70FDD22BBD33F400ADB3B7 /* OpenInApp_AssignmentApp.swift in Sources */ = {isa = PBXBuildFile; fileRef = 3A70FDD12BBD33F400ADB3B7 /* OpenInApp_AssignmentApp.swift */; };
		3A70FDD42BBD33F400ADB3B7 /* ContentView.swift in Sources */ = {isa = PBXBuildFile; fileRef = 3A70FDD32BBD33F400ADB3B7 /* ContentView.swift */; };
		3A70FDD62BBD33F700ADB3B7 /* Assets.xcassets in Resources */ = {isa = PBXBuildFile; fileRef = 3A70FDD52BBD33F700ADB3B7 /* Assets.xcassets */; };
		3A70FDD92BBD33F700ADB3B7 /* Preview Assets.xcassets in Resources */ = {isa = PBXBuildFile; fileRef = 3A70FDD82BBD33F700ADB3B7 /* Preview Assets.xcassets */; };
		3A70FDE32BBD33F700ADB3B7 /* OpenInApp_AssignmentTests.swift in Sources */ = {isa = PBXBuildFile; fileRef = 3A70FDE22BBD33F700ADB3B7 /* OpenInApp_AssignmentTests.swift */; };
		3A70FDED2BBD33F700ADB3B7 /* OpenInApp_AssignmentUITests.swift in Sources */ = {isa = PBXBuildFile; fileRef = 3A70FDEC2BBD33F700ADB3B7 /* OpenInApp_AssignmentUITests.swift */; };
		3A70FDEF2BBD33F700ADB3B7 /* OpenInApp_AssignmentUITestsLaunchTests.swift in Sources */ = {isa = PBXBuildFile; fileRef = 3A70FDEE2BBD33F700ADB3B7 /* OpenInApp_AssignmentUITestsLaunchTests.swift */; };
		3A70FE042BBDB30100ADB3B7 /* ViewModel.swift in Sources */ = {isa = PBXBuildFile; fileRef = 3A70FE032BBDB30100ADB3B7 /* ViewModel.swift */; };
		3A70FE062BBDD34B00ADB3B7 /* HomePageView.swift in Sources */ = {isa = PBXBuildFile; fileRef = 3A70FE052BBDD34B00ADB3B7 /* HomePageView.swift */; };
		3A70FE082BBDD7FD00ADB3B7 /* DashboardView.swift in Sources */ = {isa = PBXBuildFile; fileRef = 3A70FE072BBDD7FD00ADB3B7 /* DashboardView.swift */; };
		3A70FE0A2BC0461300ADB3B7 /* CoursesView.swift in Sources */ = {isa = PBXBuildFile; fileRef = 3A70FE092BC0461300ADB3B7 /* CoursesView.swift */; };
		3A70FE0C2BC0461E00ADB3B7 /* CampaignsView.swift in Sources */ = {isa = PBXBuildFile; fileRef = 3A70FE0B2BC0461E00ADB3B7 /* CampaignsView.swift */; };
		3A70FE0E2BC0462900ADB3B7 /* ProfileView.swift in Sources */ = {isa = PBXBuildFile; fileRef = 3A70FE0D2BC0462900ADB3B7 /* ProfileView.swift */; };
/* End PBXBuildFile section */

/* Begin PBXContainerItemProxy section */
		3A70FDDF2BBD33F700ADB3B7 /* PBXContainerItemProxy */ = {
			isa = PBXContainerItemProxy;
			containerPortal = 3A70FDC62BBD33F400ADB3B7 /* Project object */;
			proxyType = 1;
			remoteGlobalIDString = 3A70FDCD2BBD33F400ADB3B7;
			remoteInfo = OpenInApp_Assignment;
		};
		3A70FDE92BBD33F700ADB3B7 /* PBXContainerItemProxy */ = {
			isa = PBXContainerItemProxy;
			containerPortal = 3A70FDC62BBD33F400ADB3B7 /* Project object */;
			proxyType = 1;
			remoteGlobalIDString = 3A70FDCD2BBD33F400ADB3B7;
			remoteInfo = OpenInApp_Assignment;
		};
/* End PBXContainerItemProxy section */

/* Begin PBXFileReference section */
		3A70FDCE2BBD33F400ADB3B7 /* OpenInApp_Assignment.app */ = {isa = PBXFileReference; explicitFileType = wrapper.application; includeInIndex = 0; path = OpenInApp_Assignment.app; sourceTree = BUILT_PRODUCTS_DIR; };
		3A70FDD12BBD33F400ADB3B7 /* OpenInApp_AssignmentApp.swift */ = {isa = PBXFileReference; lastKnownFileType = sourcecode.swift; path = OpenInApp_AssignmentApp.swift; sourceTree = "<group>"; };
		3A70FDD32BBD33F400ADB3B7 /* ContentView.swift */ = {isa = PBXFileReference; lastKnownFileType = sourcecode.swift; path = ContentView.swift; sourceTree = "<group>"; };
		3A70FDD52BBD33F700ADB3B7 /* Assets.xcassets */ = {isa = PBXFileReference; lastKnownFileType = folder.assetcatalog; path = Assets.xcassets; sourceTree = "<group>"; };
		3A70FDD82BBD33F700ADB3B7 /* Preview Assets.xcassets */ = {isa = PBXFileReference; lastKnownFileType = folder.assetcatalog; path = "Preview Assets.xcassets"; sourceTree = "<group>"; };
		3A70FDDE2BBD33F700ADB3B7 /* OpenInApp_AssignmentTests.xctest */ = {isa = PBXFileReference; explicitFileType = wrapper.cfbundle; includeInIndex = 0; path = OpenInApp_AssignmentTests.xctest; sourceTree = BUILT_PRODUCTS_DIR; };
		3A70FDE22BBD33F700ADB3B7 /* OpenInApp_AssignmentTests.swift */ = {isa = PBXFileReference; lastKnownFileType = sourcecode.swift; path = OpenInApp_AssignmentTests.swift; sourceTree = "<group>"; };
		3A70FDE82BBD33F700ADB3B7 /* OpenInApp_AssignmentUITests.xctest */ = {isa = PBXFileReference; explicitFileType = wrapper.cfbundle; includeInIndex = 0; path = OpenInApp_AssignmentUITests.xctest; sourceTree = BUILT_PRODUCTS_DIR; };
		3A70FDEC2BBD33F700ADB3B7 /* OpenInApp_AssignmentUITests.swift */ = {isa = PBXFileReference; lastKnownFileType = sourcecode.swift; path = OpenInApp_AssignmentUITests.swift; sourceTree = "<group>"; };
		3A70FDEE2BBD33F700ADB3B7 /* OpenInApp_AssignmentUITestsLaunchTests.swift */ = {isa = PBXFileReference; lastKnownFileType = sourcecode.swift; path = OpenInApp_AssignmentUITestsLaunchTests.swift; sourceTree = "<group>"; };
		3A70FE032BBDB30100ADB3B7 /* ViewModel.swift */ = {isa = PBXFileReference; lastKnownFileType = sourcecode.swift; path = ViewModel.swift; sourceTree = "<group>"; };
		3A70FE052BBDD34B00ADB3B7 /* HomePageView.swift */ = {isa = PBXFileReference; lastKnownFileType = sourcecode.swift; path = HomePageView.swift; sourceTree = "<group>"; };
		3A70FE072BBDD7FD00ADB3B7 /* DashboardView.swift */ = {isa = PBXFileReference; lastKnownFileType = sourcecode.swift; path = DashboardView.swift; sourceTree = "<group>"; };
		3A70FE092BC0461300ADB3B7 /* CoursesView.swift */ = {isa = PBXFileReference; lastKnownFileType = sourcecode.swift; path = CoursesView.swift; sourceTree = "<group>"; };
		3A70FE0B2BC0461E00ADB3B7 /* CampaignsView.swift */ = {isa = PBXFileReference; lastKnownFileType = sourcecode.swift; path = CampaignsView.swift; sourceTree = "<group>"; };
		3A70FE0D2BC0462900ADB3B7 /* ProfileView.swift */ = {isa = PBXFileReference; lastKnownFileType = sourcecode.swift; path = ProfileView.swift; sourceTree = "<group>"; };
/* End PBXFileReference section */

/* Begin PBXFrameworksBuildPhase section */
		3A70FDCB2BBD33F400ADB3B7 /* Frameworks */ = {
			isa = PBXFrameworksBuildPhase;
			buildActionMask = 2147483647;
			files = (
			);
			runOnlyForDeploymentPostprocessing = 0;
		};
		3A70FDDB2BBD33F700ADB3B7 /* Frameworks */ = {
			isa = PBXFrameworksBuildPhase;
			buildActionMask = 2147483647;
			files = (
			);
			runOnlyForDeploymentPostprocessing = 0;
		};
		3A70FDE52BBD33F700ADB3B7 /* Frameworks */ = {
			isa = PBXFrameworksBuildPhase;
			buildActionMask = 2147483647;
			files = (
			);
			runOnlyForDeploymentPostprocessing = 0;
		};
/* End PBXFrameworksBuildPhase section */

/* Begin PBXGroup section */
		3A70FDC52BBD33F400ADB3B7 = {
			isa = PBXGroup;
			children = (
				3A70FDD02BBD33F400ADB3B7 /* OpenInApp_Assignment */,
				3A70FDE12BBD33F700ADB3B7 /* OpenInApp_AssignmentTests */,
				3A70FDEB2BBD33F700ADB3B7 /* OpenInApp_AssignmentUITests */,
				3A70FDCF2BBD33F400ADB3B7 /* Products */,
			);
			sourceTree = "<group>";
		};
		3A70FDCF2BBD33F400ADB3B7 /* Products */ = {
			isa = PBXGroup;
			children = (
				3A70FDCE2BBD33F400ADB3B7 /* OpenInApp_Assignment.app */,
				3A70FDDE2BBD33F700ADB3B7 /* OpenInApp_AssignmentTests.xctest */,
				3A70FDE82BBD33F700ADB3B7 /* OpenInApp_AssignmentUITests.xctest */,
			);
			name = Products;
			sourceTree = "<group>";
		};
		3A70FDD02BBD33F400ADB3B7 /* OpenInApp_Assignment */ = {
			isa = PBXGroup;
			children = (
				3A70FDD12BBD33F400ADB3B7 /* OpenInApp_AssignmentApp.swift */,
				3A70FDD32BBD33F400ADB3B7 /* ContentView.swift */,
				3A70FDD52BBD33F700ADB3B7 /* Assets.xcassets */,
				3A70FDD72BBD33F700ADB3B7 /* Preview Content */,
				3A70FE032BBDB30100ADB3B7 /* ViewModel.swift */,
				3A70FE052BBDD34B00ADB3B7 /* HomePageView.swift */,
				3A70FE092BC0461300ADB3B7 /* CoursesView.swift */,
				3A70FE0B2BC0461E00ADB3B7 /* CampaignsView.swift */,
				3A70FE0D2BC0462900ADB3B7 /* ProfileView.swift */,
				3A70FE072BBDD7FD00ADB3B7 /* DashboardView.swift */,
			);
			path = OpenInApp_Assignment;
			sourceTree = "<group>";
		};
		3A70FDD72BBD33F700ADB3B7 /* Preview Content */ = {
			isa = PBXGroup;
			children = (
				3A70FDD82BBD33F700ADB3B7 /* Preview Assets.xcassets */,
			);
			path = "Preview Content";
			sourceTree = "<group>";
		};
		3A70FDE12BBD33F700ADB3B7 /* OpenInApp_AssignmentTests */ = {
			isa = PBXGroup;
			children = (
				3A70FDE22BBD33F700ADB3B7 /* OpenInApp_AssignmentTests.swift */,
			);
			path = OpenInApp_AssignmentTests;
			sourceTree = "<group>";
		};
		3A70FDEB2BBD33F700ADB3B7 /* OpenInApp_AssignmentUITests */ = {
			isa = PBXGroup;
			children = (
				3A70FDEC2BBD33F700ADB3B7 /* OpenInApp_AssignmentUITests.swift */,
				3A70FDEE2BBD33F700ADB3B7 /* OpenInApp_AssignmentUITestsLaunchTests.swift */,
			);
			path = OpenInApp_AssignmentUITests;
			sourceTree = "<group>";
		};
/* End PBXGroup section */

/* Begin PBXNativeTarget section */
		3A70FDCD2BBD33F400ADB3B7 /* OpenInApp_Assignment */ = {
			isa = PBXNativeTarget;
			buildConfigurationList = 3A70FDF22BBD33F700ADB3B7 /* Build configuration list for PBXNativeTarget "OpenInApp_Assignment" */;
			buildPhases = (
				3A70FDCA2BBD33F400ADB3B7 /* Sources */,
				3A70FDCB2BBD33F400ADB3B7 /* Frameworks */,
				3A70FDCC2BBD33F400ADB3B7 /* Resources */,
			);
			buildRules = (
			);
			dependencies = (
			);
			name = OpenInApp_Assignment;
			productName = OpenInApp_Assignment;
			productReference = 3A70FDCE2BBD33F400ADB3B7 /* OpenInApp_Assignment.app */;
			productType = "com.apple.product-type.application";
		};
		3A70FDDD2BBD33F700ADB3B7 /* OpenInApp_AssignmentTests */ = {
			isa = PBXNativeTarget;
			buildConfigurationList = 3A70FDF52BBD33F700ADB3B7 /* Build configuration list for PBXNativeTarget "OpenInApp_AssignmentTests" */;
			buildPhases = (
				3A70FDDA2BBD33F700ADB3B7 /* Sources */,
				3A70FDDB2BBD33F700ADB3B7 /* Frameworks */,
				3A70FDDC2BBD33F700ADB3B7 /* Resources */,
			);
			buildRules = (
			);
			dependencies = (
				3A70FDE02BBD33F700ADB3B7 /* PBXTargetDependency */,
			);
			name = OpenInApp_AssignmentTests;
			productName = OpenInApp_AssignmentTests;
			productReference = 3A70FDDE2BBD33F700ADB3B7 /* OpenInApp_AssignmentTests.xctest */;
			productType = "com.apple.product-type.bundle.unit-test";
		};
		3A70FDE72BBD33F700ADB3B7 /* OpenInApp_AssignmentUITests */ = {
			isa = PBXNativeTarget;
			buildConfigurationList = 3A70FDF82BBD33F700ADB3B7 /* Build configuration list for PBXNativeTarget "OpenInApp_AssignmentUITests" */;
			buildPhases = (
				3A70FDE42BBD33F700ADB3B7 /* Sources */,
				3A70FDE52BBD33F700ADB3B7 /* Frameworks */,
				3A70FDE62BBD33F700ADB3B7 /* Resources */,
			);
			buildRules = (
			);
			dependencies = (
				3A70FDEA2BBD33F700ADB3B7 /* PBXTargetDependency */,
			);
			name = OpenInApp_AssignmentUITests;
			productName = OpenInApp_AssignmentUITests;
			productReference = 3A70FDE82BBD33F700ADB3B7 /* OpenInApp_AssignmentUITests.xctest */;
			productType = "com.apple.product-type.bundle.ui-testing";
		};
/* End PBXNativeTarget section */

/* Begin PBXProject section */
		3A70FDC62BBD33F400ADB3B7 /* Project object */ = {
			isa = PBXProject;
			attributes = {
				BuildIndependentTargetsInParallel = 1;
				LastSwiftUpdateCheck = 1530;
				LastUpgradeCheck = 1530;
				TargetAttributes = {
					3A70FDCD2BBD33F400ADB3B7 = {
						CreatedOnToolsVersion = 15.3;
					};
					3A70FDDD2BBD33F700ADB3B7 = {
						CreatedOnToolsVersion = 15.3;
						TestTargetID = 3A70FDCD2BBD33F400ADB3B7;
					};
					3A70FDE72BBD33F700ADB3B7 = {
						CreatedOnToolsVersion = 15.3;
						TestTargetID = 3A70FDCD2BBD33F400ADB3B7;
					};
				};
			};
			buildConfigurationList = 3A70FDC92BBD33F400ADB3B7 /* Build configuration list for PBXProject "OpenInApp_Assignment" */;
			compatibilityVersion = "Xcode 14.0";
			developmentRegion = en;
			hasScannedForEncodings = 0;
			knownRegions = (
				en,
				Base,
			);
			mainGroup = 3A70FDC52BBD33F400ADB3B7;
			productRefGroup = 3A70FDCF2BBD33F400ADB3B7 /* Products */;
			projectDirPath = "";
			projectRoot = "";
			targets = (
				3A70FDCD2BBD33F400ADB3B7 /* OpenInApp_Assignment */,
				3A70FDDD2BBD33F700ADB3B7 /* OpenInApp_AssignmentTests */,
				3A70FDE72BBD33F700ADB3B7 /* OpenInApp_AssignmentUITests */,
			);
		};
/* End PBXProject section */

/* Begin PBXResourcesBuildPhase section */
		3A70FDCC2BBD33F400ADB3B7 /* Resources */ = {
			isa = PBXResourcesBuildPhase;
			buildActionMask = 2147483647;
			files = (
				3A70FDD92BBD33F700ADB3B7 /* Preview Assets.xcassets in Resources */,
				3A70FDD62BBD33F700ADB3B7 /* Assets.xcassets in Resources */,
			);
			runOnlyForDeploymentPostprocessing = 0;
		};
		3A70FDDC2BBD33F700ADB3B7 /* Resources */ = {
			isa = PBXResourcesBuildPhase;
			buildActionMask = 2147483647;
			files = (
			);
			runOnlyForDeploymentPostprocessing = 0;
		};
		3A70FDE62BBD33F700ADB3B7 /* Resources */ = {
			isa = PBXResourcesBuildPhase;
			buildActionMask = 2147483647;
			files = (
			);
			runOnlyForDeploymentPostprocessing = 0;
		};
/* End PBXResourcesBuildPhase section */

/* Begin PBXSourcesBuildPhase section */
		3A70FDCA2BBD33F400ADB3B7 /* Sources */ = {
			isa = PBXSourcesBuildPhase;
			buildActionMask = 2147483647;
			files = (
				3A70FE0E2BC0462900ADB3B7 /* ProfileView.swift in Sources */,
				3A70FDD42BBD33F400ADB3B7 /* ContentView.swift in Sources */,
				3A70FE042BBDB30100ADB3B7 /* ViewModel.swift in Sources */,
				3A70FE082BBDD7FD00ADB3B7 /* DashboardView.swift in Sources */,
				3A70FE062BBDD34B00ADB3B7 /* HomePageView.swift in Sources */,
				3A70FDD22BBD33F400ADB3B7 /* OpenInApp_AssignmentApp.swift in Sources */,
				3A70FE0C2BC0461E00ADB3B7 /* CampaignsView.swift in Sources */,
				3A70FE0A2BC0461300ADB3B7 /* CoursesView.swift in Sources */,
			);
			runOnlyForDeploymentPostprocessing = 0;
		};
		3A70FDDA2BBD33F700ADB3B7 /* Sources */ = {
			isa = PBXSourcesBuildPhase;
			buildActionMask = 2147483647;
			files = (
				3A70FDE32BBD33F700ADB3B7 /* OpenInApp_AssignmentTests.swift in Sources */,
			);
			runOnlyForDeploymentPostprocessing = 0;
		};
		3A70FDE42BBD33F700ADB3B7 /* Sources */ = {
			isa = PBXSourcesBuildPhase;
			buildActionMask = 2147483647;
			files = (
				3A70FDEF2BBD33F700ADB3B7 /* OpenInApp_AssignmentUITestsLaunchTests.swift in Sources */,
				3A70FDED2BBD33F700ADB3B7 /* OpenInApp_AssignmentUITests.swift in Sources */,
			);
			runOnlyForDeploymentPostprocessing = 0;
		};
/* End PBXSourcesBuildPhase section */

/* Begin PBXTargetDependency section */
		3A70FDE02BBD33F700ADB3B7 /* PBXTargetDependency */ = {
			isa = PBXTargetDependency;
			target = 3A70FDCD2BBD33F400ADB3B7 /* OpenInApp_Assignment */;
			targetProxy = 3A70FDDF2BBD33F700ADB3B7 /* PBXContainerItemProxy */;
		};
		3A70FDEA2BBD33F700ADB3B7 /* PBXTargetDependency */ = {
			isa = PBXTargetDependency;
			target = 3A70FDCD2BBD33F400ADB3B7 /* OpenInApp_Assignment */;
			targetProxy = 3A70FDE92BBD33F700ADB3B7 /* PBXContainerItemProxy */;
		};
/* End PBXTargetDependency section */

/* Begin XCBuildConfiguration section */
		3A70FDF02BBD33F700ADB3B7 /* Debug */ = {
			isa = XCBuildConfiguration;
			buildSettings = {
				ALWAYS_SEARCH_USER_PATHS = NO;
				ASSETCATALOG_COMPILER_GENERATE_SWIFT_ASSET_SYMBOL_EXTENSIONS = YES;
				CLANG_ANALYZER_NONNULL = YES;
				CLANG_ANALYZER_NUMBER_OBJECT_CONVERSION = YES_AGGRESSIVE;
				CLANG_CXX_LANGUAGE_STANDARD = "gnu++20";
				CLANG_ENABLE_MODULES = YES;
				CLANG_ENABLE_OBJC_ARC = YES;
				CLANG_ENABLE_OBJC_WEAK = YES;
				CLANG_WARN_BLOCK_CAPTURE_AUTORELEASING = YES;
				CLANG_WARN_BOOL_CONVERSION = YES;
				CLANG_WARN_COMMA = YES;
				CLANG_WARN_CONSTANT_CONVERSION = YES;
				CLANG_WARN_DEPRECATED_OBJC_IMPLEMENTATIONS = YES;
				CLANG_WARN_DIRECT_OBJC_ISA_USAGE = YES_ERROR;
				CLANG_WARN_DOCUMENTATION_COMMENTS = YES;
				CLANG_WARN_EMPTY_BODY = YES;
				CLANG_WARN_ENUM_CONVERSION = YES;
				CLANG_WARN_INFINITE_RECURSION = YES;
				CLANG_WARN_INT_CONVERSION = YES;
				CLANG_WARN_NON_LITERAL_NULL_CONVERSION = YES;
				CLANG_WARN_OBJC_IMPLICIT_RETAIN_SELF = YES;
				CLANG_WARN_OBJC_LITERAL_CONVERSION = YES;
				CLANG_WARN_OBJC_ROOT_CLASS = YES_ERROR;
				CLANG_WARN_QUOTED_INCLUDE_IN_FRAMEWORK_HEADER = YES;
				CLANG_WARN_RANGE_LOOP_ANALYSIS = YES;
				CLANG_WARN_STRICT_PROTOTYPES = YES;
				CLANG_WARN_SUSPICIOUS_MOVE = YES;
				CLANG_WARN_UNGUARDED_AVAILABILITY = YES_AGGRESSIVE;
				CLANG_WARN_UNREACHABLE_CODE = YES;
				CLANG_WARN__DUPLICATE_METHOD_MATCH = YES;
				COPY_PHASE_STRIP = NO;
				DEBUG_INFORMATION_FORMAT = dwarf;
				ENABLE_STRICT_OBJC_MSGSEND = YES;
				ENABLE_TESTABILITY = YES;
				ENABLE_USER_SCRIPT_SANDBOXING = YES;
				GCC_C_LANGUAGE_STANDARD = gnu17;
				GCC_DYNAMIC_NO_PIC = NO;
				GCC_NO_COMMON_BLOCKS = YES;
				GCC_OPTIMIZATION_LEVEL = 0;
				GCC_PREPROCESSOR_DEFINITIONS = (
					"DEBUG=1",
					"$(inherited)",
				);
				GCC_WARN_64_TO_32_BIT_CONVERSION = YES;
				GCC_WARN_ABOUT_RETURN_TYPE = YES_ERROR;
				GCC_WARN_UNDECLARED_SELECTOR = YES;
				GCC_WARN_UNINITIALIZED_AUTOS = YES_AGGRESSIVE;
				GCC_WARN_UNUSED_FUNCTION = YES;
				GCC_WARN_UNUSED_VARIABLE = YES;
				IPHONEOS_DEPLOYMENT_TARGET = 17.4;
				LOCALIZATION_PREFERS_STRING_CATALOGS = YES;
				MTL_ENABLE_DEBUG_INFO = INCLUDE_SOURCE;
				MTL_FAST_MATH = YES;
				ONLY_ACTIVE_ARCH = YES;
				SDKROOT = iphoneos;
				SWIFT_ACTIVE_COMPILATION_CONDITIONS = "DEBUG $(inherited)";
				SWIFT_OPTIMIZATION_LEVEL = "-Onone";
			};
			name = Debug;
		};
		3A70FDF12BBD33F700ADB3B7 /* Release */ = {
			isa = XCBuildConfiguration;
			buildSettings = {
				ALWAYS_SEARCH_USER_PATHS = NO;
				ASSETCATALOG_COMPILER_GENERATE_SWIFT_ASSET_SYMBOL_EXTENSIONS = YES;
				CLANG_ANALYZER_NONNULL = YES;
				CLANG_ANALYZER_NUMBER_OBJECT_CONVERSION = YES_AGGRESSIVE;
				CLANG_CXX_LANGUAGE_STANDARD = "gnu++20";
				CLANG_ENABLE_MODULES = YES;
				CLANG_ENABLE_OBJC_ARC = YES;
				CLANG_ENABLE_OBJC_WEAK = YES;
				CLANG_WARN_BLOCK_CAPTURE_AUTORELEASING = YES;
				CLANG_WARN_BOOL_CONVERSION = YES;
				CLANG_WARN_COMMA = YES;
				CLANG_WARN_CONSTANT_CONVERSION = YES;
				CLANG_WARN_DEPRECATED_OBJC_IMPLEMENTATIONS = YES;
				CLANG_WARN_DIRECT_OBJC_ISA_USAGE = YES_ERROR;
				CLANG_WARN_DOCUMENTATION_COMMENTS = YES;
				CLANG_WARN_EMPTY_BODY = YES;
				CLANG_WARN_ENUM_CONVERSION = YES;
				CLANG_WARN_INFINITE_RECURSION = YES;
				CLANG_WARN_INT_CONVERSION = YES;
				CLANG_WARN_NON_LITERAL_NULL_CONVERSION = YES;
				CLANG_WARN_OBJC_IMPLICIT_RETAIN_SELF = YES;
				CLANG_WARN_OBJC_LITERAL_CONVERSION = YES;
				CLANG_WARN_OBJC_ROOT_CLASS = YES_ERROR;
				CLANG_WARN_QUOTED_INCLUDE_IN_FRAMEWORK_HEADER = YES;
				CLANG_WARN_RANGE_LOOP_ANALYSIS = YES;
				CLANG_WARN_STRICT_PROTOTYPES = YES;
				CLANG_WARN_SUSPICIOUS_MOVE = YES;
				CLANG_WARN_UNGUARDED_AVAILABILITY = YES_AGGRESSIVE;
				CLANG_WARN_UNREACHABLE_CODE = YES;
				CLANG_WARN__DUPLICATE_METHOD_MATCH = YES;
				COPY_PHASE_STRIP = NO;
				DEBUG_INFORMATION_FORMAT = "dwarf-with-dsym";
				ENABLE_NS_ASSERTIONS = NO;
				ENABLE_STRICT_OBJC_MSGSEND = YES;
				ENABLE_USER_SCRIPT_SANDBOXING = YES;
				GCC_C_LANGUAGE_STANDARD = gnu17;
				GCC_NO_COMMON_BLOCKS = YES;
				GCC_WARN_64_TO_32_BIT_CONVERSION = YES;
				GCC_WARN_ABOUT_RETURN_TYPE = YES_ERROR;
				GCC_WARN_UNDECLARED_SELECTOR = YES;
				GCC_WARN_UNINITIALIZED_AUTOS = YES_AGGRESSIVE;
				GCC_WARN_UNUSED_FUNCTION = YES;
				GCC_WARN_UNUSED_VARIABLE = YES;
				IPHONEOS_DEPLOYMENT_TARGET = 17.4;
				LOCALIZATION_PREFERS_STRING_CATALOGS = YES;
				MTL_ENABLE_DEBUG_INFO = NO;
				MTL_FAST_MATH = YES;
				SDKROOT = iphoneos;
				SWIFT_COMPILATION_MODE = wholemodule;
				VALIDATE_PRODUCT = YES;
			};
			name = Release;
		};
		3A70FDF32BBD33F700ADB3B7 /* Debug */ = {
			isa = XCBuildConfiguration;
			buildSettings = {
				ASSETCATALOG_COMPILER_APPICON_NAME = AppIcon;
				ASSETCATALOG_COMPILER_GLOBAL_ACCENT_COLOR_NAME = AccentColor;
				CODE_SIGN_STYLE = Automatic;
				CURRENT_PROJECT_VERSION = 1;
				DEVELOPMENT_ASSET_PATHS = "\"OpenInApp_Assignment/Preview Content\"";
				DEVELOPMENT_TEAM = 2LRPRL7G34;
				ENABLE_PREVIEWS = YES;
				GENERATE_INFOPLIST_FILE = YES;
				INFOPLIST_KEY_UIApplicationSceneManifest_Generation = YES;
				INFOPLIST_KEY_UIApplicationSupportsIndirectInputEvents = YES;
				INFOPLIST_KEY_UILaunchScreen_Generation = YES;
				INFOPLIST_KEY_UISupportedInterfaceOrientations_iPad = "UIInterfaceOrientationPortrait UIInterfaceOrientationPortraitUpsideDown UIInterfaceOrientationLandscapeLeft UIInterfaceOrientationLandscapeRight";
				INFOPLIST_KEY_UISupportedInterfaceOrientations_iPhone = "UIInterfaceOrientationPortrait UIInterfaceOrientationLandscapeLeft UIInterfaceOrientationLandscapeRight";
				LD_RUNPATH_SEARCH_PATHS = (
					"$(inherited)",
					"@executable_path/Frameworks",
				);
				MARKETING_VERSION = 1.0;
				PRODUCT_BUNDLE_IDENTIFIER = "com.smit.OpenInApp-Assignment";
				PRODUCT_NAME = "$(TARGET_NAME)";
				SWIFT_EMIT_LOC_STRINGS = YES;
				SWIFT_VERSION = 5.0;
				TARGETED_DEVICE_FAMILY = "1,2";
			};
			name = Debug;
		};
		3A70FDF42BBD33F700ADB3B7 /* Release */ = {
			isa = XCBuildConfiguration;
			buildSettings = {
				ASSETCATALOG_COMPILER_APPICON_NAME = AppIcon;
				ASSETCATALOG_COMPILER_GLOBAL_ACCENT_COLOR_NAME = AccentColor;
				CODE_SIGN_STYLE = Automatic;
				CURRENT_PROJECT_VERSION = 1;
				DEVELOPMENT_ASSET_PATHS = "\"OpenInApp_Assignment/Preview Content\"";
				DEVELOPMENT_TEAM = 2LRPRL7G34;
				ENABLE_PREVIEWS = YES;
				GENERATE_INFOPLIST_FILE = YES;
				INFOPLIST_KEY_UIApplicationSceneManifest_Generation = YES;
				INFOPLIST_KEY_UIApplicationSupportsIndirectInputEvents = YES;
				INFOPLIST_KEY_UILaunchScreen_Generation = YES;
				INFOPLIST_KEY_UISupportedInterfaceOrientations_iPad = "UIInterfaceOrientationPortrait UIInterfaceOrientationPortraitUpsideDown UIInterfaceOrientationLandscapeLeft UIInterfaceOrientationLandscapeRight";
				INFOPLIST_KEY_UISupportedInterfaceOrientations_iPhone = "UIInterfaceOrientationPortrait UIInterfaceOrientationLandscapeLeft UIInterfaceOrientationLandscapeRight";
				LD_RUNPATH_SEARCH_PATHS = (
					"$(inherited)",
					"@executable_path/Frameworks",
				);
				MARKETING_VERSION = 1.0;
				PRODUCT_BUNDLE_IDENTIFIER = "com.smit.OpenInApp-Assignment";
				PRODUCT_NAME = "$(TARGET_NAME)";
				SWIFT_EMIT_LOC_STRINGS = YES;
				SWIFT_VERSION = 5.0;
				TARGETED_DEVICE_FAMILY = "1,2";
			};
			name = Release;
		};
		3A70FDF62BBD33F700ADB3B7 /* Debug */ = {
			isa = XCBuildConfiguration;
			buildSettings = {
				ALWAYS_EMBED_SWIFT_STANDARD_LIBRARIES = YES;
				BUNDLE_LOADER = "$(TEST_HOST)";
				CODE_SIGN_STYLE = Automatic;
				CURRENT_PROJECT_VERSION = 1;
				DEVELOPMENT_TEAM = 2LRPRL7G34;
				GENERATE_INFOPLIST_FILE = YES;
				IPHONEOS_DEPLOYMENT_TARGET = 17.4;
				MARKETING_VERSION = 1.0;
				PRODUCT_BUNDLE_IDENTIFIER = "com.smit.OpenInApp-AssignmentTests";
				PRODUCT_NAME = "$(TARGET_NAME)";
				SWIFT_EMIT_LOC_STRINGS = NO;
				SWIFT_VERSION = 5.0;
				TARGETED_DEVICE_FAMILY = "1,2";
				TEST_HOST = "$(BUILT_PRODUCTS_DIR)/OpenInApp_Assignment.app/$(BUNDLE_EXECUTABLE_FOLDER_PATH)/OpenInApp_Assignment";
			};
			name = Debug;
		};
		3A70FDF72BBD33F700ADB3B7 /* Release */ = {
			isa = XCBuildConfiguration;
			buildSettings = {
				ALWAYS_EMBED_SWIFT_STANDARD_LIBRARIES = YES;
				BUNDLE_LOADER = "$(TEST_HOST)";
				CODE_SIGN_STYLE = Automatic;
				CURRENT_PROJECT_VERSION = 1;
				DEVELOPMENT_TEAM = 2LRPRL7G34;
				GENERATE_INFOPLIST_FILE = YES;
				IPHONEOS_DEPLOYMENT_TARGET = 17.4;
				MARKETING_VERSION = 1.0;
				PRODUCT_BUNDLE_IDENTIFIER = "com.smit.OpenInApp-AssignmentTests";
				PRODUCT_NAME = "$(TARGET_NAME)";
				SWIFT_EMIT_LOC_STRINGS = NO;
				SWIFT_VERSION = 5.0;
				TARGETED_DEVICE_FAMILY = "1,2";
				TEST_HOST = "$(BUILT_PRODUCTS_DIR)/OpenInApp_Assignment.app/$(BUNDLE_EXECUTABLE_FOLDER_PATH)/OpenInApp_Assignment";
			};
			name = Release;
		};
		3A70FDF92BBD33F700ADB3B7 /* Debug */ = {
			isa = XCBuildConfiguration;
			buildSettings = {
				ALWAYS_EMBED_SWIFT_STANDARD_LIBRARIES = YES;
				CODE_SIGN_STYLE = Automatic;
				CURRENT_PROJECT_VERSION = 1;
				DEVELOPMENT_TEAM = 2LRPRL7G34;
				GENERATE_INFOPLIST_FILE = YES;
				MARKETING_VERSION = 1.0;
				PRODUCT_BUNDLE_IDENTIFIER = "com.smit.OpenInApp-AssignmentUITests";
				PRODUCT_NAME = "$(TARGET_NAME)";
				SWIFT_EMIT_LOC_STRINGS = NO;
				SWIFT_VERSION = 5.0;
				TARGETED_DEVICE_FAMILY = "1,2";
				TEST_TARGET_NAME = OpenInApp_Assignment;
			};
			name = Debug;
		};
		3A70FDFA2BBD33F700ADB3B7 /* Release */ = {
			isa = XCBuildConfiguration;
			buildSettings = {
				ALWAYS_EMBED_SWIFT_STANDARD_LIBRARIES = YES;
				CODE_SIGN_STYLE = Automatic;
				CURRENT_PROJECT_VERSION = 1;
				DEVELOPMENT_TEAM = 2LRPRL7G34;
				GENERATE_INFOPLIST_FILE = YES;
				MARKETING_VERSION = 1.0;
				PRODUCT_BUNDLE_IDENTIFIER = "com.smit.OpenInApp-AssignmentUITests";
				PRODUCT_NAME = "$(TARGET_NAME)";
				SWIFT_EMIT_LOC_STRINGS = NO;
				SWIFT_VERSION = 5.0;
				TARGETED_DEVICE_FAMILY = "1,2";
				TEST_TARGET_NAME = OpenInApp_Assignment;
			};
			name = Release;
		};
/* End XCBuildConfiguration section */

/* Begin XCConfigurationList section */
		3A70FDC92BBD33F400ADB3B7 /* Build configuration list for PBXProject "OpenInApp_Assignment" */ = {
			isa = XCConfigurationList;
			buildConfigurations = (
				3A70FDF02BBD33F700ADB3B7 /* Debug */,
				3A70FDF12BBD33F700ADB3B7 /* Release */,
			);
			defaultConfigurationIsVisible = 0;
			defaultConfigurationName = Release;
		};
		3A70FDF22BBD33F700ADB3B7 /* Build configuration list for PBXNativeTarget "OpenInApp_Assignment" */ = {
			isa = XCConfigurationList;
			buildConfigurations = (
				3A70FDF32BBD33F700ADB3B7 /* Debug */,
				3A70FDF42BBD33F700ADB3B7 /* Release */,
			);
			defaultConfigurationIsVisible = 0;
			defaultConfigurationName = Release;
		};
		3A70FDF52BBD33F700ADB3B7 /* Build configuration list for PBXNativeTarget "OpenInApp_AssignmentTests" */ = {
			isa = XCConfigurationList;
			buildConfigurations = (
				3A70FDF62BBD33F700ADB3B7 /* Debug */,
				3A70FDF72BBD33F700ADB3B7 /* Release */,
			);
			defaultConfigurationIsVisible = 0;
			defaultConfigurationName = Release;
		};
		3A70FDF82BBD33F700ADB3B7 /* Build configuration list for PBXNativeTarget "OpenInApp_AssignmentUITests" */ = {
			isa = XCConfigurationList;
			buildConfigurations = (
				3A70FDF92BBD33F700ADB3B7 /* Debug */,
				3A70FDFA2BBD33F700ADB3B7 /* Release */,
			);
			defaultConfigurationIsVisible = 0;
			defaultConfigurationName = Release;
		};
/* End XCConfigurationList section */
	};
	rootObject = 3A70FDC62BBD33F400ADB3B7 /* Project object */;
}
